// !$*UTF8*$!
{
	archiveVersion = 1;
	classes = {
	};
	objectVersion = 50;
	objects = {

/* Begin PBXBuildFile section */
		D4547EFD276A2F0500F96763 /* AppDelegate.swift in Sources */ = {isa = PBXBuildFile; fileRef = D4547EFC276A2F0500F96763 /* AppDelegate.swift */; };
		D4547EFF276A2F0500F96763 /* SceneDelegate.swift in Sources */ = {isa = PBXBuildFile; fileRef = D4547EFE276A2F0500F96763 /* SceneDelegate.swift */; };
		D4547F01276A2F0500F96763 /* ViewController.swift in Sources */ = {isa = PBXBuildFile; fileRef = D4547F00276A2F0500F96763 /* ViewController.swift */; };
		D4547F04276A2F0500F96763 /* Main.storyboard in Resources */ = {isa = PBXBuildFile; fileRef = D4547F02276A2F0500F96763 /* Main.storyboard */; };
		D4547F06276A2F0D00F96763 /* Assets.xcassets in Resources */ = {isa = PBXBuildFile; fileRef = D4547F05276A2F0D00F96763 /* Assets.xcassets */; };
		D4547F09276A2F0D00F96763 /* LaunchScreen.storyboard in Resources */ = {isa = PBXBuildFile; fileRef = D4547F07276A2F0D00F96763 /* LaunchScreen.storyboard */; };
		D4547F14276A2F0D00F96763 /* ProjectTimerTests.swift in Sources */ = {isa = PBXBuildFile; fileRef = D4547F13276A2F0D00F96763 /* ProjectTimerTests.swift */; };
		D4547F1F276A2F0D00F96763 /* ProjectTimerUITests.swift in Sources */ = {isa = PBXBuildFile; fileRef = D4547F1E276A2F0D00F96763 /* ProjectTimerUITests.swift */; };
/* End PBXBuildFile section */

/* Begin PBXContainerItemProxy section */
		D4547F10276A2F0D00F96763 /* PBXContainerItemProxy */ = {
			isa = PBXContainerItemProxy;
			containerPortal = D4547EF1276A2F0500F96763 /* Project object */;
			proxyType = 1;
			remoteGlobalIDString = D4547EF8276A2F0500F96763;
			remoteInfo = ProjectTimer;
		};
		D4547F1B276A2F0D00F96763 /* PBXContainerItemProxy */ = {
			isa = PBXContainerItemProxy;
			containerPortal = D4547EF1276A2F0500F96763 /* Project object */;
			proxyType = 1;
			remoteGlobalIDString = D4547EF8276A2F0500F96763;
			remoteInfo = ProjectTimer;
		};
/* End PBXContainerItemProxy section */

/* Begin PBXFileReference section */
		D4547EF9276A2F0500F96763 /* ProjectTimer.app */ = {isa = PBXFileReference; explicitFileType = wrapper.application; includeInIndex = 0; path = ProjectTimer.app; sourceTree = BUILT_PRODUCTS_DIR; };
		D4547EFC276A2F0500F96763 /* AppDelegate.swift */ = {isa = PBXFileReference; lastKnownFileType = sourcecode.swift; path = AppDelegate.swift; sourceTree = "<group>"; };
		D4547EFE276A2F0500F96763 /* SceneDelegate.swift */ = {isa = PBXFileReference; lastKnownFileType = sourcecode.swift; path = SceneDelegate.swift; sourceTree = "<group>"; };
		D4547F00276A2F0500F96763 /* ViewController.swift */ = {isa = PBXFileReference; lastKnownFileType = sourcecode.swift; path = ViewController.swift; sourceTree = "<group>"; };
		D4547F03276A2F0500F96763 /* Base */ = {isa = PBXFileReference; lastKnownFileType = file.storyboard; name = Base; path = Base.lproj/Main.storyboard; sourceTree = "<group>"; };
		D4547F05276A2F0D00F96763 /* Assets.xcassets */ = {isa = PBXFileReference; lastKnownFileType = folder.assetcatalog; path = Assets.xcassets; sourceTree = "<group>"; };
		D4547F08276A2F0D00F96763 /* Base */ = {isa = PBXFileReference; lastKnownFileType = file.storyboard; name = Base; path = Base.lproj/LaunchScreen.storyboard; sourceTree = "<group>"; };
		D4547F0A276A2F0D00F96763 /* Info.plist */ = {isa = PBXFileReference; lastKnownFileType = text.plist.xml; path = Info.plist; sourceTree = "<group>"; };
		D4547F0F276A2F0D00F96763 /* ProjectTimerTests.xctest */ = {isa = PBXFileReference; explicitFileType = wrapper.cfbundle; includeInIndex = 0; path = ProjectTimerTests.xctest; sourceTree = BUILT_PRODUCTS_DIR; };
		D4547F13276A2F0D00F96763 /* ProjectTimerTests.swift */ = {isa = PBXFileReference; lastKnownFileType = sourcecode.swift; path = ProjectTimerTests.swift; sourceTree = "<group>"; };
		D4547F15276A2F0D00F96763 /* Info.plist */ = {isa = PBXFileReference; lastKnownFileType = text.plist.xml; path = Info.plist; sourceTree = "<group>"; };
		D4547F1A276A2F0D00F96763 /* ProjectTimerUITests.xctest */ = {isa = PBXFileReference; explicitFileType = wrapper.cfbundle; includeInIndex = 0; path = ProjectTimerUITests.xctest; sourceTree = BUILT_PRODUCTS_DIR; };
		D4547F1E276A2F0D00F96763 /* ProjectTimerUITests.swift */ = {isa = PBXFileReference; lastKnownFileType = sourcecode.swift; path = ProjectTimerUITests.swift; sourceTree = "<group>"; };
		D4547F20276A2F0D00F96763 /* Info.plist */ = {isa = PBXFileReference; lastKnownFileType = text.plist.xml; path = Info.plist; sourceTree = "<group>"; };
/* End PBXFileReference section */

/* Begin PBXFrameworksBuildPhase section */
		D4547EF6276A2F0500F96763 /* Frameworks */ = {
			isa = PBXFrameworksBuildPhase;
			buildActionMask = 2147483647;
			files = (
			);
			runOnlyForDeploymentPostprocessing = 0;
		};
		D4547F0C276A2F0D00F96763 /* Frameworks */ = {
			isa = PBXFrameworksBuildPhase;
			buildActionMask = 2147483647;
			files = (
			);
			runOnlyForDeploymentPostprocessing = 0;
		};
		D4547F17276A2F0D00F96763 /* Frameworks */ = {
			isa = PBXFrameworksBuildPhase;
			buildActionMask = 2147483647;
			files = (
			);
			runOnlyForDeploymentPostprocessing = 0;
		};
/* End PBXFrameworksBuildPhase section */

/* Begin PBXGroup section */
		D4547EF0276A2F0500F96763 = {
			isa = PBXGroup;
			children = (
				D4547EFB276A2F0500F96763 /* ProjectTimer */,
				D4547F12276A2F0D00F96763 /* ProjectTimerTests */,
				D4547F1D276A2F0D00F96763 /* ProjectTimerUITests */,
				D4547EFA276A2F0500F96763 /* Products */,
			);
			sourceTree = "<group>";
		};
		D4547EFA276A2F0500F96763 /* Products */ = {
			isa = PBXGroup;
			children = (
				D4547EF9276A2F0500F96763 /* ProjectTimer.app */,
				D4547F0F276A2F0D00F96763 /* ProjectTimerTests.xctest */,
				D4547F1A276A2F0D00F96763 /* ProjectTimerUITests.xctest */,
			);
			name = Products;
			sourceTree = "<group>";
		};
		D4547EFB276A2F0500F96763 /* ProjectTimer */ = {
			isa = PBXGroup;
			children = (
				D4547EFC276A2F0500F96763 /* AppDelegate.swift */,
				D4547EFE276A2F0500F96763 /* SceneDelegate.swift */,
				D4547F00276A2F0500F96763 /* ViewController.swift */,
				D4547F02276A2F0500F96763 /* Main.storyboard */,
				D4547F05276A2F0D00F96763 /* Assets.xcassets */,
				D4547F07276A2F0D00F96763 /* LaunchScreen.storyboard */,
				D4547F0A276A2F0D00F96763 /* Info.plist */,
			);
			path = ProjectTimer;
			sourceTree = "<group>";
		};
		D4547F12276A2F0D00F96763 /* ProjectTimerTests */ = {
			isa = PBXGroup;
			children = (
				D4547F13276A2F0D00F96763 /* ProjectTimerTests.swift */,
				D4547F15276A2F0D00F96763 /* Info.plist */,
			);
			path = ProjectTimerTests;
			sourceTree = "<group>";
		};
		D4547F1D276A2F0D00F96763 /* ProjectTimerUITests */ = {
			isa = PBXGroup;
			children = (
				D4547F1E276A2F0D00F96763 /* ProjectTimerUITests.swift */,
				D4547F20276A2F0D00F96763 /* Info.plist */,
			);
			path = ProjectTimerUITests;
			sourceTree = "<group>";
		};
/* End PBXGroup section */

/* Begin PBXNativeTarget section */
		D4547EF8276A2F0500F96763 /* ProjectTimer */ = {
			isa = PBXNativeTarget;
			buildConfigurationList = D4547F23276A2F0D00F96763 /* Build configuration list for PBXNativeTarget "ProjectTimer" */;
			buildPhases = (
				D4547EF5276A2F0500F96763 /* Sources */,
				D4547EF6276A2F0500F96763 /* Frameworks */,
				D4547EF7276A2F0500F96763 /* Resources */,
			);
			buildRules = (
			);
			dependencies = (
			);
			name = ProjectTimer;
			productName = ProjectTimer;
			productReference = D4547EF9276A2F0500F96763 /* ProjectTimer.app */;
			productType = "com.apple.product-type.application";
		};
		D4547F0E276A2F0D00F96763 /* ProjectTimerTests */ = {
			isa = PBXNativeTarget;
			buildConfigurationList = D4547F26276A2F0D00F96763 /* Build configuration list for PBXNativeTarget "ProjectTimerTests" */;
			buildPhases = (
				D4547F0B276A2F0D00F96763 /* Sources */,
				D4547F0C276A2F0D00F96763 /* Frameworks */,
				D4547F0D276A2F0D00F96763 /* Resources */,
			);
			buildRules = (
			);
			dependencies = (
				D4547F11276A2F0D00F96763 /* PBXTargetDependency */,
			);
			name = ProjectTimerTests;
			productName = ProjectTimerTests;
			productReference = D4547F0F276A2F0D00F96763 /* ProjectTimerTests.xctest */;
			productType = "com.apple.product-type.bundle.unit-test";
		};
		D4547F19276A2F0D00F96763 /* ProjectTimerUITests */ = {
			isa = PBXNativeTarget;
			buildConfigurationList = D4547F29276A2F0D00F96763 /* Build configuration list for PBXNativeTarget "ProjectTimerUITests" */;
			buildPhases = (
				D4547F16276A2F0D00F96763 /* Sources */,
				D4547F17276A2F0D00F96763 /* Frameworks */,
				D4547F18276A2F0D00F96763 /* Resources */,
			);
			buildRules = (
			);
			dependencies = (
				D4547F1C276A2F0D00F96763 /* PBXTargetDependency */,
			);
			name = ProjectTimerUITests;
			productName = ProjectTimerUITests;
			productReference = D4547F1A276A2F0D00F96763 /* ProjectTimerUITests.xctest */;
			productType = "com.apple.product-type.bundle.ui-testing";
		};
/* End PBXNativeTarget section */

/* Begin PBXProject section */
		D4547EF1276A2F0500F96763 /* Project object */ = {
			isa = PBXProject;
			attributes = {
				LastSwiftUpdateCheck = 1240;
				LastUpgradeCheck = 1240;
				TargetAttributes = {
					D4547EF8276A2F0500F96763 = {
						CreatedOnToolsVersion = 12.4;
					};
					D4547F0E276A2F0D00F96763 = {
						CreatedOnToolsVersion = 12.4;
						TestTargetID = D4547EF8276A2F0500F96763;
					};
					D4547F19276A2F0D00F96763 = {
						CreatedOnToolsVersion = 12.4;
						TestTargetID = D4547EF8276A2F0500F96763;
					};
				};
			};
			buildConfigurationList = D4547EF4276A2F0500F96763 /* Build configuration list for PBXProject "ProjectTimer" */;
			compatibilityVersion = "Xcode 9.3";
			developmentRegion = en;
			hasScannedForEncodings = 0;
			knownRegions = (
				en,
				Base,
			);
			mainGroup = D4547EF0276A2F0500F96763;
			productRefGroup = D4547EFA276A2F0500F96763 /* Products */;
			projectDirPath = "";
			projectRoot = "";
			targets = (
				D4547EF8276A2F0500F96763 /* ProjectTimer */,
				D4547F0E276A2F0D00F96763 /* ProjectTimerTests */,
				D4547F19276A2F0D00F96763 /* ProjectTimerUITests */,
			);
		};
/* End PBXProject section */

/* Begin PBXResourcesBuildPhase section */
		D4547EF7276A2F0500F96763 /* Resources */ = {
			isa = PBXResourcesBuildPhase;
			buildActionMask = 2147483647;
			files = (
				D4547F09276A2F0D00F96763 /* LaunchScreen.storyboard in Resources */,
				D4547F06276A2F0D00F96763 /* Assets.xcassets in Resources */,
				D4547F04276A2F0500F96763 /* Main.storyboard in Resources */,
			);
			runOnlyForDeploymentPostprocessing = 0;
		};
		D4547F0D276A2F0D00F96763 /* Resources */ = {
			isa = PBXResourcesBuildPhase;
			buildActionMask = 2147483647;
			files = (
			);
			runOnlyForDeploymentPostprocessing = 0;
		};
		D4547F18276A2F0D00F96763 /* Resources */ = {
			isa = PBXResourcesBuildPhase;
			buildActionMask = 2147483647;
			files = (
			);
			runOnlyForDeploymentPostprocessing = 0;
		};
/* End PBXResourcesBuildPhase section */

/* Begin PBXSourcesBuildPhase section */
		D4547EF5276A2F0500F96763 /* Sources */ = {
			isa = PBXSourcesBuildPhase;
			buildActionMask = 2147483647;
			files = (
				D4547F01276A2F0500F96763 /* ViewController.swift in Sources */,
				D4547EFD276A2F0500F96763 /* AppDelegate.swift in Sources */,
				D4547EFF276A2F0500F96763 /* SceneDelegate.swift in Sources */,
			);
			runOnlyForDeploymentPostprocessing = 0;
		};
		D4547F0B276A2F0D00F96763 /* Sources */ = {
			isa = PBXSourcesBuildPhase;
			buildActionMask = 2147483647;
			files = (
				D4547F14276A2F0D00F96763 /* ProjectTimerTests.swift in Sources */,
			);
			runOnlyForDeploymentPostprocessing = 0;
		};
		D4547F16276A2F0D00F96763 /* Sources */ = {
			isa = PBXSourcesBuildPhase;
			buildActionMask = 2147483647;
			files = (
				D4547F1F276A2F0D00F96763 /* ProjectTimerUITests.swift in Sources */,
			);
			runOnlyForDeploymentPostprocessing = 0;
		};
/* End PBXSourcesBuildPhase section */

/* Begin PBXTargetDependency section */
		D4547F11276A2F0D00F96763 /* PBXTargetDependency */ = {
			isa = PBXTargetDependency;
			target = D4547EF8276A2F0500F96763 /* ProjectTimer */;
			targetProxy = D4547F10276A2F0D00F96763 /* PBXContainerItemProxy */;
		};
		D4547F1C276A2F0D00F96763 /* PBXTargetDependency */ = {
			isa = PBXTargetDependency;
			target = D4547EF8276A2F0500F96763 /* ProjectTimer */;
			targetProxy = D4547F1B276A2F0D00F96763 /* PBXContainerItemProxy */;
		};
/* End PBXTargetDependency section */

/* Begin PBXVariantGroup section */
		D4547F02276A2F0500F96763 /* Main.storyboard */ = {
			isa = PBXVariantGroup;
			children = (
				D4547F03276A2F0500F96763 /* Base */,
			);
			name = Main.storyboard;
			sourceTree = "<group>";
		};
		D4547F07276A2F0D00F96763 /* LaunchScreen.storyboard */ = {
			isa = PBXVariantGroup;
			children = (
				D4547F08276A2F0D00F96763 /* Base */,
			);
			name = LaunchScreen.storyboard;
			sourceTree = "<group>";
		};
/* End PBXVariantGroup section */

/* Begin XCBuildConfiguration section */
		D4547F21276A2F0D00F96763 /* Debug */ = {
			isa = XCBuildConfiguration;
			buildSettings = {
				ALWAYS_SEARCH_USER_PATHS = NO;
				CLANG_ANALYZER_NONNULL = YES;
				CLANG_ANALYZER_NUMBER_OBJECT_CONVERSION = YES_AGGRESSIVE;
				CLANG_CXX_LANGUAGE_STANDARD = "gnu++14";
				CLANG_CXX_LIBRARY = "libc++";
				CLANG_ENABLE_MODULES = YES;
				CLANG_ENABLE_OBJC_ARC = YES;
				CLANG_ENABLE_OBJC_WEAK = YES;
				CLANG_WARN_BLOCK_CAPTURE_AUTORELEASING = YES;
				CLANG_WARN_BOOL_CONVERSION = YES;
				CLANG_WARN_COMMA = YES;
				CLANG_WARN_CONSTANT_CONVERSION = YES;
				CLANG_WARN_DEPRECATED_OBJC_IMPLEMENTATIONS = YES;
				CLANG_WARN_DIRECT_OBJC_ISA_USAGE = YES_ERROR;
				CLANG_WARN_DOCUMENTATION_COMMENTS = YES;
				CLANG_WARN_EMPTY_BODY = YES;
				CLANG_WARN_ENUM_CONVERSION = YES;
				CLANG_WARN_INFINITE_RECURSION = YES;
				CLANG_WARN_INT_CONVERSION = YES;
				CLANG_WARN_NON_LITERAL_NULL_CONVERSION = YES;
				CLANG_WARN_OBJC_IMPLICIT_RETAIN_SELF = YES;
				CLANG_WARN_OBJC_LITERAL_CONVERSION = YES;
				CLANG_WARN_OBJC_ROOT_CLASS = YES_ERROR;
				CLANG_WARN_QUOTED_INCLUDE_IN_FRAMEWORK_HEADER = YES;
				CLANG_WARN_RANGE_LOOP_ANALYSIS = YES;
				CLANG_WARN_STRICT_PROTOTYPES = YES;
				CLANG_WARN_SUSPICIOUS_MOVE = YES;
				CLANG_WARN_UNGUARDED_AVAILABILITY = YES_AGGRESSIVE;
				CLANG_WARN_UNREACHABLE_CODE = YES;
				CLANG_WARN__DUPLICATE_METHOD_MATCH = YES;
				COPY_PHASE_STRIP = NO;
				DEBUG_INFORMATION_FORMAT = dwarf;
				ENABLE_STRICT_OBJC_MSGSEND = YES;
				ENABLE_TESTABILITY = YES;
				GCC_C_LANGUAGE_STANDARD = gnu11;
				GCC_DYNAMIC_NO_PIC = NO;
				GCC_NO_COMMON_BLOCKS = YES;
				GCC_OPTIMIZATION_LEVEL = 0;
				GCC_PREPROCESSOR_DEFINITIONS = (
					"DEBUG=1",
					"$(inherited)",
				);
				GCC_WARN_64_TO_32_BIT_CONVERSION = YES;
				GCC_WARN_ABOUT_RETURN_TYPE = YES_ERROR;
				GCC_WARN_UNDECLARED_SELECTOR = YES;
				GCC_WARN_UNINITIALIZED_AUTOS = YES_AGGRESSIVE;
				GCC_WARN_UNUSED_FUNCTION = YES;
				GCC_WARN_UNUSED_VARIABLE = YES;
				IPHONEOS_DEPLOYMENT_TARGET = 14.4;
				MTL_ENABLE_DEBUG_INFO = INCLUDE_SOURCE;
				MTL_FAST_MATH = YES;
				ONLY_ACTIVE_ARCH = YES;
				SDKROOT = iphoneos;
				SWIFT_ACTIVE_COMPILATION_CONDITIONS = DEBUG;
				SWIFT_OPTIMIZATION_LEVEL = "-Onone";
			};
			name = Debug;
		};
		D4547F22276A2F0D00F96763 /* Release */ = {
			isa = XCBuildConfiguration;
			buildSettings = {
				ALWAYS_SEARCH_USER_PATHS = NO;
				CLANG_ANALYZER_NONNULL = YES;
				CLANG_ANALYZER_NUMBER_OBJECT_CONVERSION = YES_AGGRESSIVE;
				CLANG_CXX_LANGUAGE_STANDARD = "gnu++14";
				CLANG_CXX_LIBRARY = "libc++";
				CLANG_ENABLE_MODULES = YES;
				CLANG_ENABLE_OBJC_ARC = YES;
				CLANG_ENABLE_OBJC_WEAK = YES;
				CLANG_WARN_BLOCK_CAPTURE_AUTORELEASING = YES;
				CLANG_WARN_BOOL_CONVERSION = YES;
				CLANG_WARN_COMMA = YES;
				CLANG_WARN_CONSTANT_CONVERSION = YES;
				CLANG_WARN_DEPRECATED_OBJC_IMPLEMENTATIONS = YES;
				CLANG_WARN_DIRECT_OBJC_ISA_USAGE = YES_ERROR;
				CLANG_WARN_DOCUMENTATION_COMMENTS = YES;
				CLANG_WARN_EMPTY_BODY = YES;
				CLANG_WARN_ENUM_CONVERSION = YES;
				CLANG_WARN_INFINITE_RECURSION = YES;
				CLANG_WARN_INT_CONVERSION = YES;
				CLANG_WARN_NON_LITERAL_NULL_CONVERSION = YES;
				CLANG_WARN_OBJC_IMPLICIT_RETAIN_SELF = YES;
				CLANG_WARN_OBJC_LITERAL_CONVERSION = YES;
				CLANG_WARN_OBJC_ROOT_CLASS = YES_ERROR;
				CLANG_WARN_QUOTED_INCLUDE_IN_FRAMEWORK_HEADER = YES;
				CLANG_WARN_RANGE_LOOP_ANALYSIS = YES;
				CLANG_WARN_STRICT_PROTOTYPES = YES;
				CLANG_WARN_SUSPICIOUS_MOVE = YES;
				CLANG_WARN_UNGUARDED_AVAILABILITY = YES_AGGRESSIVE;
				CLANG_WARN_UNREACHABLE_CODE = YES;
				CLANG_WARN__DUPLICATE_METHOD_MATCH = YES;
				COPY_PHASE_STRIP = NO;
				DEBUG_INFORMATION_FORMAT = "dwarf-with-dsym";
				ENABLE_NS_ASSERTIONS = NO;
				ENABLE_STRICT_OBJC_MSGSEND = YES;
				GCC_C_LANGUAGE_STANDARD = gnu11;
				GCC_NO_COMMON_BLOCKS = YES;
				GCC_WARN_64_TO_32_BIT_CONVERSION = YES;
				GCC_WARN_ABOUT_RETURN_TYPE = YES_ERROR;
				GCC_WARN_UNDECLARED_SELECTOR = YES;
				GCC_WARN_UNINITIALIZED_AUTOS = YES_AGGRESSIVE;
				GCC_WARN_UNUSED_FUNCTION = YES;
				GCC_WARN_UNUSED_VARIABLE = YES;
				IPHONEOS_DEPLOYMENT_TARGET = 14.4;
				MTL_ENABLE_DEBUG_INFO = NO;
				MTL_FAST_MATH = YES;
				SDKROOT = iphoneos;
				SWIFT_COMPILATION_MODE = wholemodule;
				SWIFT_OPTIMIZATION_LEVEL = "-O";
				VALIDATE_PRODUCT = YES;
			};
			name = Release;
		};
		D4547F24276A2F0D00F96763 /* Debug */ = {
			isa = XCBuildConfiguration;
			buildSettings = {
				ASSETCATALOG_COMPILER_APPICON_NAME = AppIcon;
				ASSETCATALOG_COMPILER_GLOBAL_ACCENT_COLOR_NAME = AccentColor;
				CODE_SIGN_STYLE = Automatic;
				INFOPLIST_FILE = ProjectTimer/Info.plist;
				LD_RUNPATH_SEARCH_PATHS = (
					"$(inherited)",
					"@executable_path/Frameworks",
				);
				PRODUCT_BUNDLE_IDENTIFIER = com.myTesting.ProjectTimer;
				PRODUCT_NAME = "$(TARGET_NAME)";
				SWIFT_VERSION = 5.0;
				TARGETED_DEVICE_FAMILY = "1,2";
			};
			name = Debug;
		};
		D4547F25276A2F0D00F96763 /* Release */ = {
			isa = XCBuildConfiguration;
			buildSettings = {
				ASSETCATALOG_COMPILER_APPICON_NAME = AppIcon;
				ASSETCATALOG_COMPILER_GLOBAL_ACCENT_COLOR_NAME = AccentColor;
				CODE_SIGN_STYLE = Automatic;
				INFOPLIST_FILE = ProjectTimer/Info.plist;
				LD_RUNPATH_SEARCH_PATHS = (
					"$(inherited)",
					"@executable_path/Frameworks",
				);
				PRODUCT_BUNDLE_IDENTIFIER = com.myTesting.ProjectTimer;
				PRODUCT_NAME = "$(TARGET_NAME)";
				SWIFT_VERSION = 5.0;
				TARGETED_DEVICE_FAMILY = "1,2";
			};
			name = Release;
		};
		D4547F27276A2F0D00F96763 /* Debug */ = {
			isa = XCBuildConfiguration;
			buildSettings = {
				ALWAYS_EMBED_SWIFT_STANDARD_LIBRARIES = YES;
				BUNDLE_LOADER = "$(TEST_HOST)";
				CODE_SIGN_STYLE = Automatic;
				INFOPLIST_FILE = ProjectTimerTests/Info.plist;
				IPHONEOS_DEPLOYMENT_TARGET = 14.4;
				LD_RUNPATH_SEARCH_PATHS = (
					"$(inherited)",
					"@executable_path/Frameworks",
					"@loader_path/Frameworks",
				);
				PRODUCT_BUNDLE_IDENTIFIER = com.myTesting.ProjectTimerTests;
				PRODUCT_NAME = "$(TARGET_NAME)";
				SWIFT_VERSION = 5.0;
				TARGETED_DEVICE_FAMILY = "1,2";
				TEST_HOST = "$(BUILT_PRODUCTS_DIR)/ProjectTimer.app/ProjectTimer";
			};
			name = Debug;
		};
		D4547F28276A2F0D00F96763 /* Release */ = {
			isa = XCBuildConfiguration;
			buildSettings = {
				ALWAYS_EMBED_SWIFT_STANDARD_LIBRARIES = YES;
				BUNDLE_LOADER = "$(TEST_HOST)";
				CODE_SIGN_STYLE = Automatic;
				INFOPLIST_FILE = ProjectTimerTests/Info.plist;
				IPHONEOS_DEPLOYMENT_TARGET = 14.4;
				LD_RUNPATH_SEARCH_PATHS = (
					"$(inherited)",
					"@executable_path/Frameworks",
					"@loader_path/Frameworks",
				);
				PRODUCT_BUNDLE_IDENTIFIER = com.myTesting.ProjectTimerTests;
				PRODUCT_NAME = "$(TARGET_NAME)";
				SWIFT_VERSION = 5.0;
				TARGETED_DEVICE_FAMILY = "1,2";
				TEST_HOST = "$(BUILT_PRODUCTS_DIR)/ProjectTimer.app/ProjectTimer";
			};
			name = Release;
		};
		D4547F2A276A2F0D00F96763 /* Debug */ = {
			isa = XCBuildConfiguration;
			buildSettings = {
				ALWAYS_EMBED_SWIFT_STANDARD_LIBRARIES = YES;
				CODE_SIGN_STYLE = Automatic;
				INFOPLIST_FILE = ProjectTimerUITests/Info.plist;
				LD_RUNPATH_SEARCH_PATHS = (
					"$(inherited)",
					"@executable_path/Frameworks",
					"@loader_path/Frameworks",
				);
				PRODUCT_BUNDLE_IDENTIFIER = com.myTesting.ProjectTimerUITests;
				PRODUCT_NAME = "$(TARGET_NAME)";
				SWIFT_VERSION = 5.0;
				TARGETED_DEVICE_FAMILY = "1,2";
				TEST_TARGET_NAME = ProjectTimer;
			};
			name = Debug;
		};
		D4547F2B276A2F0D00F96763 /* Release */ = {
			isa = XCBuildConfiguration;
			buildSettings = {
				ALWAYS_EMBED_SWIFT_STANDARD_LIBRARIES = YES;
				CODE_SIGN_STYLE = Automatic;
				INFOPLIST_FILE = ProjectTimerUITests/Info.plist;
				LD_RUNPATH_SEARCH_PATHS = (
					"$(inherited)",
					"@executable_path/Frameworks",
					"@loader_path/Frameworks",
				);
				PRODUCT_BUNDLE_IDENTIFIER = com.myTesting.ProjectTimerUITests;
				PRODUCT_NAME = "$(TARGET_NAME)";
				SWIFT_VERSION = 5.0;
				TARGETED_DEVICE_FAMILY = "1,2";
				TEST_TARGET_NAME = ProjectTimer;
			};
			name = Release;
		};
/* End XCBuildConfiguration section */

/* Begin XCConfigurationList section */
		D4547EF4276A2F0500F96763 /* Build configuration list for PBXProject "ProjectTimer" */ = {
			isa = XCConfigurationList;
			buildConfigurations = (
				D4547F21276A2F0D00F96763 /* Debug */,
				D4547F22276A2F0D00F96763 /* Release */,
			);
			defaultConfigurationIsVisible = 0;
			defaultConfigurationName = Release;
		};
		D4547F23276A2F0D00F96763 /* Build configuration list for PBXNativeTarget "ProjectTimer" */ = {
			isa = XCConfigurationList;
			buildConfigurations = (
				D4547F24276A2F0D00F96763 /* Debug */,
				D4547F25276A2F0D00F96763 /* Release */,
			);
			defaultConfigurationIsVisible = 0;
			defaultConfigurationName = Release;
		};
		D4547F26276A2F0D00F96763 /* Build configuration list for PBXNativeTarget "ProjectTimerTests" */ = {
			isa = XCConfigurationList;
			buildConfigurations = (
				D4547F27276A2F0D00F96763 /* Debug */,
				D4547F28276A2F0D00F96763 /* Release */,
			);
			defaultConfigurationIsVisible = 0;
			defaultConfigurationName = Release;
		};
		D4547F29276A2F0D00F96763 /* Build configuration list for PBXNativeTarget "ProjectTimerUITests" */ = {
			isa = XCConfigurationList;
			buildConfigurations = (
				D4547F2A276A2F0D00F96763 /* Debug */,
				D4547F2B276A2F0D00F96763 /* Release */,
			);
			defaultConfigurationIsVisible = 0;
			defaultConfigurationName = Release;
		};
/* End XCConfigurationList section */
	};
	rootObject = D4547EF1276A2F0500F96763 /* Project object */;
}
