// !$*UTF8*$!
{
	archiveVersion = 1;
	classes = {
	};
	objectVersion = 50;
	objects = {

/* Begin PBXBuildFile section */
		D4547E342768C65200F96763 /* AppDelegate.swift in Sources */ = {isa = PBXBuildFile; fileRef = D4547E332768C65200F96763 /* AppDelegate.swift */; };
		D4547E362768C65200F96763 /* SceneDelegate.swift in Sources */ = {isa = PBXBuildFile; fileRef = D4547E352768C65200F96763 /* SceneDelegate.swift */; };
		D4547E382768C65200F96763 /* ViewController.swift in Sources */ = {isa = PBXBuildFile; fileRef = D4547E372768C65200F96763 /* ViewController.swift */; };
		D4547E3B2768C65200F96763 /* Main.storyboard in Resources */ = {isa = PBXBuildFile; fileRef = D4547E392768C65200F96763 /* Main.storyboard */; };
		D4547E3D2768C65A00F96763 /* Assets.xcassets in Resources */ = {isa = PBXBuildFile; fileRef = D4547E3C2768C65A00F96763 /* Assets.xcassets */; };
		D4547E402768C65A00F96763 /* LaunchScreen.storyboard in Resources */ = {isa = PBXBuildFile; fileRef = D4547E3E2768C65A00F96763 /* LaunchScreen.storyboard */; };
		D4547E4B2768C65A00F96763 /* BirthdayProjectTests.swift in Sources */ = {isa = PBXBuildFile; fileRef = D4547E4A2768C65A00F96763 /* BirthdayProjectTests.swift */; };
		D4547E562768C65A00F96763 /* BirthdayProjectUITests.swift in Sources */ = {isa = PBXBuildFile; fileRef = D4547E552768C65A00F96763 /* BirthdayProjectUITests.swift */; };
/* End PBXBuildFile section */

/* Begin PBXContainerItemProxy section */
		D4547E472768C65A00F96763 /* PBXContainerItemProxy */ = {
			isa = PBXContainerItemProxy;
			containerPortal = D4547E282768C65200F96763 /* Project object */;
			proxyType = 1;
			remoteGlobalIDString = D4547E2F2768C65200F96763;
			remoteInfo = BirthdayProject;
		};
		D4547E522768C65A00F96763 /* PBXContainerItemProxy */ = {
			isa = PBXContainerItemProxy;
			containerPortal = D4547E282768C65200F96763 /* Project object */;
			proxyType = 1;
			remoteGlobalIDString = D4547E2F2768C65200F96763;
			remoteInfo = BirthdayProject;
		};
/* End PBXContainerItemProxy section */

/* Begin PBXFileReference section */
		D4547E302768C65200F96763 /* BirthdayProject.app */ = {isa = PBXFileReference; explicitFileType = wrapper.application; includeInIndex = 0; path = BirthdayProject.app; sourceTree = BUILT_PRODUCTS_DIR; };
		D4547E332768C65200F96763 /* AppDelegate.swift */ = {isa = PBXFileReference; lastKnownFileType = sourcecode.swift; path = AppDelegate.swift; sourceTree = "<group>"; };
		D4547E352768C65200F96763 /* SceneDelegate.swift */ = {isa = PBXFileReference; lastKnownFileType = sourcecode.swift; path = SceneDelegate.swift; sourceTree = "<group>"; };
		D4547E372768C65200F96763 /* ViewController.swift */ = {isa = PBXFileReference; lastKnownFileType = sourcecode.swift; path = ViewController.swift; sourceTree = "<group>"; };
		D4547E3A2768C65200F96763 /* Base */ = {isa = PBXFileReference; lastKnownFileType = file.storyboard; name = Base; path = Base.lproj/Main.storyboard; sourceTree = "<group>"; };
		D4547E3C2768C65A00F96763 /* Assets.xcassets */ = {isa = PBXFileReference; lastKnownFileType = folder.assetcatalog; path = Assets.xcassets; sourceTree = "<group>"; };
		D4547E3F2768C65A00F96763 /* Base */ = {isa = PBXFileReference; lastKnownFileType = file.storyboard; name = Base; path = Base.lproj/LaunchScreen.storyboard; sourceTree = "<group>"; };
		D4547E412768C65A00F96763 /* Info.plist */ = {isa = PBXFileReference; lastKnownFileType = text.plist.xml; path = Info.plist; sourceTree = "<group>"; };
		D4547E462768C65A00F96763 /* BirthdayProjectTests.xctest */ = {isa = PBXFileReference; explicitFileType = wrapper.cfbundle; includeInIndex = 0; path = BirthdayProjectTests.xctest; sourceTree = BUILT_PRODUCTS_DIR; };
		D4547E4A2768C65A00F96763 /* BirthdayProjectTests.swift */ = {isa = PBXFileReference; lastKnownFileType = sourcecode.swift; path = BirthdayProjectTests.swift; sourceTree = "<group>"; };
		D4547E4C2768C65A00F96763 /* Info.plist */ = {isa = PBXFileReference; lastKnownFileType = text.plist.xml; path = Info.plist; sourceTree = "<group>"; };
		D4547E512768C65A00F96763 /* BirthdayProjectUITests.xctest */ = {isa = PBXFileReference; explicitFileType = wrapper.cfbundle; includeInIndex = 0; path = BirthdayProjectUITests.xctest; sourceTree = BUILT_PRODUCTS_DIR; };
		D4547E552768C65A00F96763 /* BirthdayProjectUITests.swift */ = {isa = PBXFileReference; lastKnownFileType = sourcecode.swift; path = BirthdayProjectUITests.swift; sourceTree = "<group>"; };
		D4547E572768C65A00F96763 /* Info.plist */ = {isa = PBXFileReference; lastKnownFileType = text.plist.xml; path = Info.plist; sourceTree = "<group>"; };
/* End PBXFileReference section */

/* Begin PBXFrameworksBuildPhase section */
		D4547E2D2768C65200F96763 /* Frameworks */ = {
			isa = PBXFrameworksBuildPhase;
			buildActionMask = 2147483647;
			files = (
			);
			runOnlyForDeploymentPostprocessing = 0;
		};
		D4547E432768C65A00F96763 /* Frameworks */ = {
			isa = PBXFrameworksBuildPhase;
			buildActionMask = 2147483647;
			files = (
			);
			runOnlyForDeploymentPostprocessing = 0;
		};
		D4547E4E2768C65A00F96763 /* Frameworks */ = {
			isa = PBXFrameworksBuildPhase;
			buildActionMask = 2147483647;
			files = (
			);
			runOnlyForDeploymentPostprocessing = 0;
		};
/* End PBXFrameworksBuildPhase section */

/* Begin PBXGroup section */
		D4547E272768C65200F96763 = {
			isa = PBXGroup;
			children = (
				D4547E322768C65200F96763 /* BirthdayProject */,
				D4547E492768C65A00F96763 /* BirthdayProjectTests */,
				D4547E542768C65A00F96763 /* BirthdayProjectUITests */,
				D4547E312768C65200F96763 /* Products */,
			);
			sourceTree = "<group>";
		};
		D4547E312768C65200F96763 /* Products */ = {
			isa = PBXGroup;
			children = (
				D4547E302768C65200F96763 /* BirthdayProject.app */,
				D4547E462768C65A00F96763 /* BirthdayProjectTests.xctest */,
				D4547E512768C65A00F96763 /* BirthdayProjectUITests.xctest */,
			);
			name = Products;
			sourceTree = "<group>";
		};
		D4547E322768C65200F96763 /* BirthdayProject */ = {
			isa = PBXGroup;
			children = (
				D4547E332768C65200F96763 /* AppDelegate.swift */,
				D4547E352768C65200F96763 /* SceneDelegate.swift */,
				D4547E372768C65200F96763 /* ViewController.swift */,
				D4547E392768C65200F96763 /* Main.storyboard */,
				D4547E3C2768C65A00F96763 /* Assets.xcassets */,
				D4547E3E2768C65A00F96763 /* LaunchScreen.storyboard */,
				D4547E412768C65A00F96763 /* Info.plist */,
			);
			path = BirthdayProject;
			sourceTree = "<group>";
		};
		D4547E492768C65A00F96763 /* BirthdayProjectTests */ = {
			isa = PBXGroup;
			children = (
				D4547E4A2768C65A00F96763 /* BirthdayProjectTests.swift */,
				D4547E4C2768C65A00F96763 /* Info.plist */,
			);
			path = BirthdayProjectTests;
			sourceTree = "<group>";
		};
		D4547E542768C65A00F96763 /* BirthdayProjectUITests */ = {
			isa = PBXGroup;
			children = (
				D4547E552768C65A00F96763 /* BirthdayProjectUITests.swift */,
				D4547E572768C65A00F96763 /* Info.plist */,
			);
			path = BirthdayProjectUITests;
			sourceTree = "<group>";
		};
/* End PBXGroup section */

/* Begin PBXNativeTarget section */
		D4547E2F2768C65200F96763 /* BirthdayProject */ = {
			isa = PBXNativeTarget;
			buildConfigurationList = D4547E5A2768C65A00F96763 /* Build configuration list for PBXNativeTarget "BirthdayProject" */;
			buildPhases = (
				D4547E2C2768C65200F96763 /* Sources */,
				D4547E2D2768C65200F96763 /* Frameworks */,
				D4547E2E2768C65200F96763 /* Resources */,
			);
			buildRules = (
			);
			dependencies = (
			);
			name = BirthdayProject;
			productName = BirthdayProject;
			productReference = D4547E302768C65200F96763 /* BirthdayProject.app */;
			productType = "com.apple.product-type.application";
		};
		D4547E452768C65A00F96763 /* BirthdayProjectTests */ = {
			isa = PBXNativeTarget;
			buildConfigurationList = D4547E5D2768C65A00F96763 /* Build configuration list for PBXNativeTarget "BirthdayProjectTests" */;
			buildPhases = (
				D4547E422768C65A00F96763 /* Sources */,
				D4547E432768C65A00F96763 /* Frameworks */,
				D4547E442768C65A00F96763 /* Resources */,
			);
			buildRules = (
			);
			dependencies = (
				D4547E482768C65A00F96763 /* PBXTargetDependency */,
			);
			name = BirthdayProjectTests;
			productName = BirthdayProjectTests;
			productReference = D4547E462768C65A00F96763 /* BirthdayProjectTests.xctest */;
			productType = "com.apple.product-type.bundle.unit-test";
		};
		D4547E502768C65A00F96763 /* BirthdayProjectUITests */ = {
			isa = PBXNativeTarget;
			buildConfigurationList = D4547E602768C65A00F96763 /* Build configuration list for PBXNativeTarget "BirthdayProjectUITests" */;
			buildPhases = (
				D4547E4D2768C65A00F96763 /* Sources */,
				D4547E4E2768C65A00F96763 /* Frameworks */,
				D4547E4F2768C65A00F96763 /* Resources */,
			);
			buildRules = (
			);
			dependencies = (
				D4547E532768C65A00F96763 /* PBXTargetDependency */,
			);
			name = BirthdayProjectUITests;
			productName = BirthdayProjectUITests;
			productReference = D4547E512768C65A00F96763 /* BirthdayProjectUITests.xctest */;
			productType = "com.apple.product-type.bundle.ui-testing";
		};
/* End PBXNativeTarget section */

/* Begin PBXProject section */
		D4547E282768C65200F96763 /* Project object */ = {
			isa = PBXProject;
			attributes = {
				LastSwiftUpdateCheck = 1240;
				LastUpgradeCheck = 1240;
				TargetAttributes = {
					D4547E2F2768C65200F96763 = {
						CreatedOnToolsVersion = 12.4;
					};
					D4547E452768C65A00F96763 = {
						CreatedOnToolsVersion = 12.4;
						TestTargetID = D4547E2F2768C65200F96763;
					};
					D4547E502768C65A00F96763 = {
						CreatedOnToolsVersion = 12.4;
						TestTargetID = D4547E2F2768C65200F96763;
					};
				};
			};
			buildConfigurationList = D4547E2B2768C65200F96763 /* Build configuration list for PBXProject "BirthdayProject" */;
			compatibilityVersion = "Xcode 9.3";
			developmentRegion = en;
			hasScannedForEncodings = 0;
			knownRegions = (
				en,
				Base,
			);
			mainGroup = D4547E272768C65200F96763;
			productRefGroup = D4547E312768C65200F96763 /* Products */;
			projectDirPath = "";
			projectRoot = "";
			targets = (
				D4547E2F2768C65200F96763 /* BirthdayProject */,
				D4547E452768C65A00F96763 /* BirthdayProjectTests */,
				D4547E502768C65A00F96763 /* BirthdayProjectUITests */,
			);
		};
/* End PBXProject section */

/* Begin PBXResourcesBuildPhase section */
		D4547E2E2768C65200F96763 /* Resources */ = {
			isa = PBXResourcesBuildPhase;
			buildActionMask = 2147483647;
			files = (
				D4547E402768C65A00F96763 /* LaunchScreen.storyboard in Resources */,
				D4547E3D2768C65A00F96763 /* Assets.xcassets in Resources */,
				D4547E3B2768C65200F96763 /* Main.storyboard in Resources */,
			);
			runOnlyForDeploymentPostprocessing = 0;
		};
		D4547E442768C65A00F96763 /* Resources */ = {
			isa = PBXResourcesBuildPhase;
			buildActionMask = 2147483647;
			files = (
			);
			runOnlyForDeploymentPostprocessing = 0;
		};
		D4547E4F2768C65A00F96763 /* Resources */ = {
			isa = PBXResourcesBuildPhase;
			buildActionMask = 2147483647;
			files = (
			);
			runOnlyForDeploymentPostprocessing = 0;
		};
/* End PBXResourcesBuildPhase section */

/* Begin PBXSourcesBuildPhase section */
		D4547E2C2768C65200F96763 /* Sources */ = {
			isa = PBXSourcesBuildPhase;
			buildActionMask = 2147483647;
			files = (
				D4547E382768C65200F96763 /* ViewController.swift in Sources */,
				D4547E342768C65200F96763 /* AppDelegate.swift in Sources */,
				D4547E362768C65200F96763 /* SceneDelegate.swift in Sources */,
			);
			runOnlyForDeploymentPostprocessing = 0;
		};
		D4547E422768C65A00F96763 /* Sources */ = {
			isa = PBXSourcesBuildPhase;
			buildActionMask = 2147483647;
			files = (
				D4547E4B2768C65A00F96763 /* BirthdayProjectTests.swift in Sources */,
			);
			runOnlyForDeploymentPostprocessing = 0;
		};
		D4547E4D2768C65A00F96763 /* Sources */ = {
			isa = PBXSourcesBuildPhase;
			buildActionMask = 2147483647;
			files = (
				D4547E562768C65A00F96763 /* BirthdayProjectUITests.swift in Sources */,
			);
			runOnlyForDeploymentPostprocessing = 0;
		};
/* End PBXSourcesBuildPhase section */

/* Begin PBXTargetDependency section */
		D4547E482768C65A00F96763 /* PBXTargetDependency */ = {
			isa = PBXTargetDependency;
			target = D4547E2F2768C65200F96763 /* BirthdayProject */;
			targetProxy = D4547E472768C65A00F96763 /* PBXContainerItemProxy */;
		};
		D4547E532768C65A00F96763 /* PBXTargetDependency */ = {
			isa = PBXTargetDependency;
			target = D4547E2F2768C65200F96763 /* BirthdayProject */;
			targetProxy = D4547E522768C65A00F96763 /* PBXContainerItemProxy */;
		};
/* End PBXTargetDependency section */

/* Begin PBXVariantGroup section */
		D4547E392768C65200F96763 /* Main.storyboard */ = {
			isa = PBXVariantGroup;
			children = (
				D4547E3A2768C65200F96763 /* Base */,
			);
			name = Main.storyboard;
			sourceTree = "<group>";
		};
		D4547E3E2768C65A00F96763 /* LaunchScreen.storyboard */ = {
			isa = PBXVariantGroup;
			children = (
				D4547E3F2768C65A00F96763 /* Base */,
			);
			name = LaunchScreen.storyboard;
			sourceTree = "<group>";
		};
/* End PBXVariantGroup section */

/* Begin XCBuildConfiguration section */
		D4547E582768C65A00F96763 /* Debug */ = {
			isa = XCBuildConfiguration;
			buildSettings = {
				ALWAYS_SEARCH_USER_PATHS = NO;
				CLANG_ANALYZER_NONNULL = YES;
				CLANG_ANALYZER_NUMBER_OBJECT_CONVERSION = YES_AGGRESSIVE;
				CLANG_CXX_LANGUAGE_STANDARD = "gnu++14";
				CLANG_CXX_LIBRARY = "libc++";
				CLANG_ENABLE_MODULES = YES;
				CLANG_ENABLE_OBJC_ARC = YES;
				CLANG_ENABLE_OBJC_WEAK = YES;
				CLANG_WARN_BLOCK_CAPTURE_AUTORELEASING = YES;
				CLANG_WARN_BOOL_CONVERSION = YES;
				CLANG_WARN_COMMA = YES;
				CLANG_WARN_CONSTANT_CONVERSION = YES;
				CLANG_WARN_DEPRECATED_OBJC_IMPLEMENTATIONS = YES;
				CLANG_WARN_DIRECT_OBJC_ISA_USAGE = YES_ERROR;
				CLANG_WARN_DOCUMENTATION_COMMENTS = YES;
				CLANG_WARN_EMPTY_BODY = YES;
				CLANG_WARN_ENUM_CONVERSION = YES;
				CLANG_WARN_INFINITE_RECURSION = YES;
				CLANG_WARN_INT_CONVERSION = YES;
				CLANG_WARN_NON_LITERAL_NULL_CONVERSION = YES;
				CLANG_WARN_OBJC_IMPLICIT_RETAIN_SELF = YES;
				CLANG_WARN_OBJC_LITERAL_CONVERSION = YES;
				CLANG_WARN_OBJC_ROOT_CLASS = YES_ERROR;
				CLANG_WARN_QUOTED_INCLUDE_IN_FRAMEWORK_HEADER = YES;
				CLANG_WARN_RANGE_LOOP_ANALYSIS = YES;
				CLANG_WARN_STRICT_PROTOTYPES = YES;
				CLANG_WARN_SUSPICIOUS_MOVE = YES;
				CLANG_WARN_UNGUARDED_AVAILABILITY = YES_AGGRESSIVE;
				CLANG_WARN_UNREACHABLE_CODE = YES;
				CLANG_WARN__DUPLICATE_METHOD_MATCH = YES;
				COPY_PHASE_STRIP = NO;
				DEBUG_INFORMATION_FORMAT = dwarf;
				ENABLE_STRICT_OBJC_MSGSEND = YES;
				ENABLE_TESTABILITY = YES;
				GCC_C_LANGUAGE_STANDARD = gnu11;
				GCC_DYNAMIC_NO_PIC = NO;
				GCC_NO_COMMON_BLOCKS = YES;
				GCC_OPTIMIZATION_LEVEL = 0;
				GCC_PREPROCESSOR_DEFINITIONS = (
					"DEBUG=1",
					"$(inherited)",
				);
				GCC_WARN_64_TO_32_BIT_CONVERSION = YES;
				GCC_WARN_ABOUT_RETURN_TYPE = YES_ERROR;
				GCC_WARN_UNDECLARED_SELECTOR = YES;
				GCC_WARN_UNINITIALIZED_AUTOS = YES_AGGRESSIVE;
				GCC_WARN_UNUSED_FUNCTION = YES;
				GCC_WARN_UNUSED_VARIABLE = YES;
				IPHONEOS_DEPLOYMENT_TARGET = 14.4;
				MTL_ENABLE_DEBUG_INFO = INCLUDE_SOURCE;
				MTL_FAST_MATH = YES;
				ONLY_ACTIVE_ARCH = YES;
				SDKROOT = iphoneos;
				SWIFT_ACTIVE_COMPILATION_CONDITIONS = DEBUG;
				SWIFT_OPTIMIZATION_LEVEL = "-Onone";
			};
			name = Debug;
		};
		D4547E592768C65A00F96763 /* Release */ = {
			isa = XCBuildConfiguration;
			buildSettings = {
				ALWAYS_SEARCH_USER_PATHS = NO;
				CLANG_ANALYZER_NONNULL = YES;
				CLANG_ANALYZER_NUMBER_OBJECT_CONVERSION = YES_AGGRESSIVE;
				CLANG_CXX_LANGUAGE_STANDARD = "gnu++14";
				CLANG_CXX_LIBRARY = "libc++";
				CLANG_ENABLE_MODULES = YES;
				CLANG_ENABLE_OBJC_ARC = YES;
				CLANG_ENABLE_OBJC_WEAK = YES;
				CLANG_WARN_BLOCK_CAPTURE_AUTORELEASING = YES;
				CLANG_WARN_BOOL_CONVERSION = YES;
				CLANG_WARN_COMMA = YES;
				CLANG_WARN_CONSTANT_CONVERSION = YES;
				CLANG_WARN_DEPRECATED_OBJC_IMPLEMENTATIONS = YES;
				CLANG_WARN_DIRECT_OBJC_ISA_USAGE = YES_ERROR;
				CLANG_WARN_DOCUMENTATION_COMMENTS = YES;
				CLANG_WARN_EMPTY_BODY = YES;
				CLANG_WARN_ENUM_CONVERSION = YES;
				CLANG_WARN_INFINITE_RECURSION = YES;
				CLANG_WARN_INT_CONVERSION = YES;
				CLANG_WARN_NON_LITERAL_NULL_CONVERSION = YES;
				CLANG_WARN_OBJC_IMPLICIT_RETAIN_SELF = YES;
				CLANG_WARN_OBJC_LITERAL_CONVERSION = YES;
				CLANG_WARN_OBJC_ROOT_CLASS = YES_ERROR;
				CLANG_WARN_QUOTED_INCLUDE_IN_FRAMEWORK_HEADER = YES;
				CLANG_WARN_RANGE_LOOP_ANALYSIS = YES;
				CLANG_WARN_STRICT_PROTOTYPES = YES;
				CLANG_WARN_SUSPICIOUS_MOVE = YES;
				CLANG_WARN_UNGUARDED_AVAILABILITY = YES_AGGRESSIVE;
				CLANG_WARN_UNREACHABLE_CODE = YES;
				CLANG_WARN__DUPLICATE_METHOD_MATCH = YES;
				COPY_PHASE_STRIP = NO;
				DEBUG_INFORMATION_FORMAT = "dwarf-with-dsym";
				ENABLE_NS_ASSERTIONS = NO;
				ENABLE_STRICT_OBJC_MSGSEND = YES;
				GCC_C_LANGUAGE_STANDARD = gnu11;
				GCC_NO_COMMON_BLOCKS = YES;
				GCC_WARN_64_TO_32_BIT_CONVERSION = YES;
				GCC_WARN_ABOUT_RETURN_TYPE = YES_ERROR;
				GCC_WARN_UNDECLARED_SELECTOR = YES;
				GCC_WARN_UNINITIALIZED_AUTOS = YES_AGGRESSIVE;
				GCC_WARN_UNUSED_FUNCTION = YES;
				GCC_WARN_UNUSED_VARIABLE = YES;
				IPHONEOS_DEPLOYMENT_TARGET = 14.4;
				MTL_ENABLE_DEBUG_INFO = NO;
				MTL_FAST_MATH = YES;
				SDKROOT = iphoneos;
				SWIFT_COMPILATION_MODE = wholemodule;
				SWIFT_OPTIMIZATION_LEVEL = "-O";
				VALIDATE_PRODUCT = YES;
			};
			name = Release;
		};
		D4547E5B2768C65A00F96763 /* Debug */ = {
			isa = XCBuildConfiguration;
			buildSettings = {
				ASSETCATALOG_COMPILER_APPICON_NAME = AppIcon;
				ASSETCATALOG_COMPILER_GLOBAL_ACCENT_COLOR_NAME = AccentColor;
				CODE_SIGN_STYLE = Automatic;
				INFOPLIST_FILE = BirthdayProject/Info.plist;
				LD_RUNPATH_SEARCH_PATHS = (
					"$(inherited)",
					"@executable_path/Frameworks",
				);
				PRODUCT_BUNDLE_IDENTIFIER = com.myTesting.BirthdayProject;
				PRODUCT_NAME = "$(TARGET_NAME)";
				SWIFT_VERSION = 5.0;
				TARGETED_DEVICE_FAMILY = "1,2";
			};
			name = Debug;
		};
		D4547E5C2768C65A00F96763 /* Release */ = {
			isa = XCBuildConfiguration;
			buildSettings = {
				ASSETCATALOG_COMPILER_APPICON_NAME = AppIcon;
				ASSETCATALOG_COMPILER_GLOBAL_ACCENT_COLOR_NAME = AccentColor;
				CODE_SIGN_STYLE = Automatic;
				INFOPLIST_FILE = BirthdayProject/Info.plist;
				LD_RUNPATH_SEARCH_PATHS = (
					"$(inherited)",
					"@executable_path/Frameworks",
				);
				PRODUCT_BUNDLE_IDENTIFIER = com.myTesting.BirthdayProject;
				PRODUCT_NAME = "$(TARGET_NAME)";
				SWIFT_VERSION = 5.0;
				TARGETED_DEVICE_FAMILY = "1,2";
			};
			name = Release;
		};
		D4547E5E2768C65A00F96763 /* Debug */ = {
			isa = XCBuildConfiguration;
			buildSettings = {
				ALWAYS_EMBED_SWIFT_STANDARD_LIBRARIES = YES;
				BUNDLE_LOADER = "$(TEST_HOST)";
				CODE_SIGN_STYLE = Automatic;
				INFOPLIST_FILE = BirthdayProjectTests/Info.plist;
				IPHONEOS_DEPLOYMENT_TARGET = 14.4;
				LD_RUNPATH_SEARCH_PATHS = (
					"$(inherited)",
					"@executable_path/Frameworks",
					"@loader_path/Frameworks",
				);
				PRODUCT_BUNDLE_IDENTIFIER = com.myTesting.BirthdayProjectTests;
				PRODUCT_NAME = "$(TARGET_NAME)";
				SWIFT_VERSION = 5.0;
				TARGETED_DEVICE_FAMILY = "1,2";
				TEST_HOST = "$(BUILT_PRODUCTS_DIR)/BirthdayProject.app/BirthdayProject";
			};
			name = Debug;
		};
		D4547E5F2768C65A00F96763 /* Release */ = {
			isa = XCBuildConfiguration;
			buildSettings = {
				ALWAYS_EMBED_SWIFT_STANDARD_LIBRARIES = YES;
				BUNDLE_LOADER = "$(TEST_HOST)";
				CODE_SIGN_STYLE = Automatic;
				INFOPLIST_FILE = BirthdayProjectTests/Info.plist;
				IPHONEOS_DEPLOYMENT_TARGET = 14.4;
				LD_RUNPATH_SEARCH_PATHS = (
					"$(inherited)",
					"@executable_path/Frameworks",
					"@loader_path/Frameworks",
				);
				PRODUCT_BUNDLE_IDENTIFIER = com.myTesting.BirthdayProjectTests;
				PRODUCT_NAME = "$(TARGET_NAME)";
				SWIFT_VERSION = 5.0;
				TARGETED_DEVICE_FAMILY = "1,2";
				TEST_HOST = "$(BUILT_PRODUCTS_DIR)/BirthdayProject.app/BirthdayProject";
			};
			name = Release;
		};
		D4547E612768C65A00F96763 /* Debug */ = {
			isa = XCBuildConfiguration;
			buildSettings = {
				ALWAYS_EMBED_SWIFT_STANDARD_LIBRARIES = YES;
				CODE_SIGN_STYLE = Automatic;
				INFOPLIST_FILE = BirthdayProjectUITests/Info.plist;
				LD_RUNPATH_SEARCH_PATHS = (
					"$(inherited)",
					"@executable_path/Frameworks",
					"@loader_path/Frameworks",
				);
				PRODUCT_BUNDLE_IDENTIFIER = com.myTesting.BirthdayProjectUITests;
				PRODUCT_NAME = "$(TARGET_NAME)";
				SWIFT_VERSION = 5.0;
				TARGETED_DEVICE_FAMILY = "1,2";
				TEST_TARGET_NAME = BirthdayProject;
			};
			name = Debug;
		};
		D4547E622768C65A00F96763 /* Release */ = {
			isa = XCBuildConfiguration;
			buildSettings = {
				ALWAYS_EMBED_SWIFT_STANDARD_LIBRARIES = YES;
				CODE_SIGN_STYLE = Automatic;
				INFOPLIST_FILE = BirthdayProjectUITests/Info.plist;
				LD_RUNPATH_SEARCH_PATHS = (
					"$(inherited)",
					"@executable_path/Frameworks",
					"@loader_path/Frameworks",
				);
				PRODUCT_BUNDLE_IDENTIFIER = com.myTesting.BirthdayProjectUITests;
				PRODUCT_NAME = "$(TARGET_NAME)";
				SWIFT_VERSION = 5.0;
				TARGETED_DEVICE_FAMILY = "1,2";
				TEST_TARGET_NAME = BirthdayProject;
			};
			name = Release;
		};
/* End XCBuildConfiguration section */

/* Begin XCConfigurationList section */
		D4547E2B2768C65200F96763 /* Build configuration list for PBXProject "BirthdayProject" */ = {
			isa = XCConfigurationList;
			buildConfigurations = (
				D4547E582768C65A00F96763 /* Debug */,
				D4547E592768C65A00F96763 /* Release */,
			);
			defaultConfigurationIsVisible = 0;
			defaultConfigurationName = Release;
		};
		D4547E5A2768C65A00F96763 /* Build configuration list for PBXNativeTarget "BirthdayProject" */ = {
			isa = XCConfigurationList;
			buildConfigurations = (
				D4547E5B2768C65A00F96763 /* Debug */,
				D4547E5C2768C65A00F96763 /* Release */,
			);
			defaultConfigurationIsVisible = 0;
			defaultConfigurationName = Release;
		};
		D4547E5D2768C65A00F96763 /* Build configuration list for PBXNativeTarget "BirthdayProjectTests" */ = {
			isa = XCConfigurationList;
			buildConfigurations = (
				D4547E5E2768C65A00F96763 /* Debug */,
				D4547E5F2768C65A00F96763 /* Release */,
			);
			defaultConfigurationIsVisible = 0;
			defaultConfigurationName = Release;
		};
		D4547E602768C65A00F96763 /* Build configuration list for PBXNativeTarget "BirthdayProjectUITests" */ = {
			isa = XCConfigurationList;
			buildConfigurations = (
				D4547E612768C65A00F96763 /* Debug */,
				D4547E622768C65A00F96763 /* Release */,
			);
			defaultConfigurationIsVisible = 0;
			defaultConfigurationName = Release;
		};
/* End XCConfigurationList section */
	};
	rootObject = D4547E282768C65200F96763 /* Project object */;
}
